
Microsoft Visual Studio Solution File, Format Version 11.00
# Visual Studio 2010
Project("{FAE04EC0-301F-11D3-BF4B-00C04F79EFBC}") = "Assembly-CSharp-firstpass", "Assembly-CSharp-firstpass.csproj", "{b54a56ac-ac30-669f-59f3-16ad9bae72c5}"
EndProject
Project("{FAE04EC0-301F-11D3-BF4B-00C04F79EFBC}") = "Assembly-CSharp", "Assembly-CSharp.csproj", "{272104f7-c3c2-1191-cc3b-dfda6cbc7dae}"
EndProject
Project("{FAE04EC0-301F-11D3-BF4B-00C04F79EFBC}") = "Assembly-CSharp-Editor-firstpass", "Assembly-CSharp-Editor-firstpass.csproj", "{85a3123e-bb29-65ee-0f43-63a004972644}"
EndProject
Global
	GlobalSection(SolutionConfigurationPlatforms) = preSolution
		Debug|Any CPU = Debug|Any CPU
	EndGlobalSection
	GlobalSection(ProjectConfigurationPlatforms) = postSolution
		{b54a56ac-ac30-669f-59f3-16ad9bae72c5}.Debug|Any CPU.ActiveCfg = Debug|Any CPU
		{b54a56ac-ac30-669f-59f3-16ad9bae72c5}.Debug|Any CPU.Build.0 = Debug|Any CPU
		{272104f7-c3c2-1191-cc3b-dfda6cbc7dae}.Debug|Any CPU.ActiveCfg = Debug|Any CPU
		{272104f7-c3c2-1191-cc3b-dfda6cbc7dae}.Debug|Any CPU.Build.0 = Debug|Any CPU
		{85a3123e-bb29-65ee-0f43-63a004972644}.Debug|Any CPU.ActiveCfg = Debug|Any CPU
		{85a3123e-bb29-65ee-0f43-63a004972644}.Debug|Any CPU.Build.0 = Debug|Any CPU
	EndGlobalSection
	GlobalSection(SolutionProperties) = preSolution
		HideSolutionNode = FALSE
	EndGlobalSection
EndGlobal
